
Microsoft Visual Studio Solution File, Format Version 12.00
# Visual Studio Version 17
VisualStudioVersion = 17.4.33205.214
MinimumVisualStudioVersion = 10.0.40219.1
Project("{8BC9CEB8-8B4A-11D0-8D11-00A0C91BC942}") = "homework20", "homework20.vcxproj", "{BC9AA4F7-249E-417F-9E36-F18DC08F7BDC}"
EndProject
Global
	GlobalSection(SolutionConfigurationPlatforms) = preSolution
		Debug|x64 = Debug|x64
		Debug|x86 = Debug|x86
		Release|x64 = Release|x64
		Release|x86 = Release|x86
	EndGlobalSection
	GlobalSection(ProjectConfigurationPlatforms) = postSolution
		{BC9AA4F7-249E-417F-9E36-F18DC08F7BDC}.Debug|x64.ActiveCfg = Debug|x64
		{BC9AA4F7-249E-417F-9E36-F18DC08F7BDC}.Debug|x64.Build.0 = Debug|x64
		{BC9AA4F7-249E-417F-9E36-F18DC08F7BDC}.Debug|x86.ActiveCfg = Debug|Win32
		{BC9AA4F7-249E-417F-9E36-F18DC08F7BDC}.Debug|x86.Build.0 = Debug|Win32
		{BC9AA4F7-249E-417F-9E36-F18DC08F7BDC}.Release|x64.ActiveCfg = Release|x64
		{BC9AA4F7-249E-417F-9E36-F18DC08F7BDC}.Release|x64.Build.0 = Release|x64
		{BC9AA4F7-249E-417F-9E36-F18DC08F7BDC}.Release|x86.ActiveCfg = Release|Win32
		{BC9AA4F7-249E-417F-9E36-F18DC08F7BDC}.Release|x86.Build.0 = Release|Win32
	EndGlobalSection
	GlobalSection(SolutionProperties) = preSolution
		HideSolutionNode = FALSE
	EndGlobalSection
	GlobalSection(ExtensibilityGlobals) = postSolution
		SolutionGuid = {900137E5-42D6-4406-BDA2-30A291410B22}
	EndGlobalSection
EndGlobal
